
Microsoft Visual Studio Solution File, Format Version 12.00
# Visual Studio Version 16
VisualStudioVersion = 16.0.29709.97
MinimumVisualStudioVersion = 10.0.40219.1
Project("{FAE04EC0-301F-11D3-BF4B-00C04F79EFBC}") = "CA200206", "CA200206\CA200206.csproj", "{4EEEFEBC-5BA7-4B94-8678-242232F0334B}"
EndProject
Global
	GlobalSection(SolutionConfigurationPlatforms) = preSolution
		Debug|Any CPU = Debug|Any CPU
		Release|Any CPU = Release|Any CPU
	EndGlobalSection
	GlobalSection(ProjectConfigurationPlatforms) = postSolution
		{4EEEFEBC-5BA7-4B94-8678-242232F0334B}.Debug|Any CPU.ActiveCfg = Debug|Any CPU
		{4EEEFEBC-5BA7-4B94-8678-242232F0334B}.Debug|Any CPU.Build.0 = Debug|Any CPU
		{4EEEFEBC-5BA7-4B94-8678-242232F0334B}.Release|Any CPU.ActiveCfg = Release|Any CPU
		{4EEEFEBC-5BA7-4B94-8678-242232F0334B}.Release|Any CPU.Build.0 = Release|Any CPU
	EndGlobalSection
	GlobalSection(SolutionProperties) = preSolution
		HideSolutionNode = FALSE
	EndGlobalSection
	GlobalSection(ExtensibilityGlobals) = postSolution
		SolutionGuid = {FD070D83-32FC-4DC9-A757-62720DD099C8}
	EndGlobalSection
EndGlobal
